
Microsoft Visual Studio Solution File, Format Version 11.00
# Visual Studio 2010
Project("{FAE04EC0-301F-11D3-BF4B-00C04F79EFBC}") = "uTinyRipperCore", "uTinyRipperCore.csproj", "{04FF2CC4-3803-B349-787D-5C2FDC7081BF}"
EndProject
Project("{FAE04EC0-301F-11D3-BF4B-00C04F79EFBC}") = "uTinyRipperGUI", "uTinyRipperGUI.csproj", "{AF567826-3389-4DE0-5333-1AF8B9C29EB7}"
EndProject
Project("{FAE04EC0-301F-11D3-BF4B-00C04F79EFBC}") = "uTinyThunderRipper", "uTinyThunderRipper.csproj", "{C526B45C-361D-D118-475F-013C4FF3AEA0}"
EndProject
Project("{FAE04EC0-301F-11D3-BF4B-00C04F79EFBC}") = "RoR2Importer", "RoR2Importer.csproj", "{B35A6090-01ED-EC66-CD9D-255187D19D9A}"
EndProject
Global
	GlobalSection(SolutionConfigurationPlatforms) = preSolution
		Debug|Any CPU = Debug|Any CPU
		Release|Any CPU = Release|Any CPU
	EndGlobalSection
	GlobalSection(ProjectConfigurationPlatforms) = postSolution
		{04FF2CC4-3803-B349-787D-5C2FDC7081BF}.Debug|Any CPU.ActiveCfg = Debug|Any CPU
		{04FF2CC4-3803-B349-787D-5C2FDC7081BF}.Debug|Any CPU.Build.0 = Debug|Any CPU
		{04FF2CC4-3803-B349-787D-5C2FDC7081BF}.Release|Any CPU.ActiveCfg = Release|Any CPU
		{04FF2CC4-3803-B349-787D-5C2FDC7081BF}.Release|Any CPU.Build.0 = Release|Any CPU
		{AF567826-3389-4DE0-5333-1AF8B9C29EB7}.Debug|Any CPU.ActiveCfg = Debug|Any CPU
		{AF567826-3389-4DE0-5333-1AF8B9C29EB7}.Debug|Any CPU.Build.0 = Debug|Any CPU
		{AF567826-3389-4DE0-5333-1AF8B9C29EB7}.Release|Any CPU.ActiveCfg = Release|Any CPU
		{AF567826-3389-4DE0-5333-1AF8B9C29EB7}.Release|Any CPU.Build.0 = Release|Any CPU
		{C526B45C-361D-D118-475F-013C4FF3AEA0}.Debug|Any CPU.ActiveCfg = Debug|Any CPU
		{C526B45C-361D-D118-475F-013C4FF3AEA0}.Debug|Any CPU.Build.0 = Debug|Any CPU
		{C526B45C-361D-D118-475F-013C4FF3AEA0}.Release|Any CPU.ActiveCfg = Release|Any CPU
		{C526B45C-361D-D118-475F-013C4FF3AEA0}.Release|Any CPU.Build.0 = Release|Any CPU
		{B35A6090-01ED-EC66-CD9D-255187D19D9A}.Debug|Any CPU.ActiveCfg = Debug|Any CPU
		{B35A6090-01ED-EC66-CD9D-255187D19D9A}.Debug|Any CPU.Build.0 = Debug|Any CPU
		{B35A6090-01ED-EC66-CD9D-255187D19D9A}.Release|Any CPU.ActiveCfg = Release|Any CPU
		{B35A6090-01ED-EC66-CD9D-255187D19D9A}.Release|Any CPU.Build.0 = Release|Any CPU
	EndGlobalSection
	GlobalSection(SolutionProperties) = preSolution
		HideSolutionNode = FALSE
	EndGlobalSection
	GlobalSection(MonoDevelopProperties) = preSolution
		StartupItem = Assembly-CSharp.csproj
	EndGlobalSection
EndGlobal
